dependencies:
- name: opentelemetry-collector
  repository: https://open-telemetry.github.io/opentelemetry-helm-charts
  version: 0.55.1
- name: jaeger
  repository: https://jaegertracing.github.io/helm-charts
  version: 0.69.1
- name: prometheus
  repository: https://prometheus-community.github.io/helm-charts
  version: 20.2.0
- name: grafana
  repository: https://grafana.github.io/helm-charts
  version: 6.52.8
digest: sha256:ea20e40b7172424213cf43690bee2880ea4e2ae6863651bc94e1a02e16bfc3ef
generated: "2023-05-01T21:40:06.422733-04:00"
