dependencies:
- name: opentelemetry-collector
  repository: https://open-telemetry.github.io/opentelemetry-helm-charts
  version: 0.134.0
- name: jaeger
  repository: https://jaegertracing.github.io/helm-charts
  version: 3.4.1
- name: prometheus
  repository: https://prometheus-community.github.io/helm-charts
  version: 27.39.0
- name: grafana
  repository: https://grafana.github.io/helm-charts
  version: 10.0.0
- name: opensearch
  repository: https://opensearch-project.github.io/helm-charts/
  version: 3.2.1
digest: sha256:7914f840873659bd80ca9e9533f0f8b4fd72bcf06da45daa697c97ac9f4628db
generated: "2025-09-22T13:56:25.986508+02:00"
