dependencies:
- name: opentelemetry-collector
  repository: https://open-telemetry.github.io/opentelemetry-helm-charts
  version: 0.142.2
- name: jaeger
  repository: https://jaegertracing.github.io/helm-charts
  version: 4.3.0
- name: prometheus
  repository: https://prometheus-community.github.io/helm-charts
  version: 28.2.0
- name: grafana
  repository: https://grafana.github.io/helm-charts
  version: 10.5.8
- name: opensearch
  repository: https://opensearch-project.github.io/helm-charts/
  version: 3.4.0
- name: prometheus-kafka-exporter
  repository: https://prometheus-community.github.io/helm-charts
  version: 3.0.1
digest: sha256:3b43c9ac92b34955d5b2015f9875d0752804d4560261b0fcf525b750b8784bc3
generated: "2026-03-25T10:32:03.156086-04:00"
