dependencies:
- name: opentelemetry-collector
  repository: https://open-telemetry.github.io/opentelemetry-helm-charts
  version: 0.80.1
- name: jaeger
  repository: https://jaegertracing.github.io/helm-charts
  version: 1.0.0
- name: prometheus
  repository: https://prometheus-community.github.io/helm-charts
  version: 25.12.0
- name: grafana
  repository: https://grafana.github.io/helm-charts
  version: 7.3.0
- name: opensearch
  repository: https://opensearch-project.github.io/helm-charts
  version: 2.17.2
digest: sha256:3f338e28c048d248b87ea2357d23342e71e0cfc76d0a4e9c81d2ff65d4623856
generated: "2024-02-18T00:49:24.628921-05:00"
