dependencies:
- name: opentelemetry-operator
  repository: file://../opentelemetry-operator
  version: 0.48.0
- name: kube-state-metrics
  repository: https://prometheus-community.github.io/helm-charts
  version: 5.16.2
- name: prometheus-node-exporter
  repository: https://prometheus-community.github.io/helm-charts
  version: 4.30.3
digest: sha256:68a550ed11a299859efc0b6cfa6d7ac6f92e888986dd92de51642678f26c754e
generated: "2024-03-01T12:26:29.932177-05:00"
