dependencies:
- name: cassandra
  repository: https://charts.helm.sh/incubator
  version: 0.15.3
- name: elasticsearch
  repository: https://charts.bitnami.com/bitnami
  version: 20.0.4
- name: kafka
  repository: https://charts.bitnami.com/bitnami
  version: 26.6.2
- name: common
  repository: https://charts.bitnami.com/bitnami
  version: 2.31.4
digest: sha256:cdc2dcaf5fd333fead9ccf972fe383aff2912f227dca6445c4cad76b4ddbf013
generated: "2025-08-17T19:48:40.455008-05:00"
