dependencies:
- name: otel-crds
  repository: ""
  version: 0.0.0
- name: prometheus-crds
  repository: ""
  version: 0.0.0
- name: opentelemetry-operator
  repository: https://open-telemetry.github.io/opentelemetry-helm-charts
  version: 0.84.2
- name: kube-state-metrics
  repository: https://prometheus-community.github.io/helm-charts
  version: 5.21.0
- name: prometheus-node-exporter
  repository: https://prometheus-community.github.io/helm-charts
  version: 4.37.3
digest: sha256:3463e8703b9fb510ca6caeef75f76b97ab2d2e0769a9edd3c57ba77fa90f25df
generated: "2025-05-13T16:42:36.588799+03:00"
