dependencies:
- name: otel-crds
  repository: ""
  version: 0.0.0
- name: prometheus-crds
  repository: ""
  version: 0.0.0
- name: opentelemetry-operator
  repository: https://open-telemetry.github.io/opentelemetry-helm-charts
  version: 0.113.1
- name: kube-state-metrics
  repository: https://prometheus-community.github.io/helm-charts
  version: 6.3.0
- name: prometheus-node-exporter
  repository: https://prometheus-community.github.io/helm-charts
  version: 4.48.0
digest: sha256:0bc649ea2dff6ba5885f295a74847cb477ed71374f15daa40f68d87b01ec82b6
generated: "2026-05-18T12:13:31.924545+02:00"
