dependencies:
- name: otel-crds
  repository: ""
  version: 0.0.0
- name: prometheus-crds
  repository: ""
  version: 0.0.0
- name: opentelemetry-operator
  repository: https://open-telemetry.github.io/opentelemetry-helm-charts
  version: 0.115.0
- name: kube-state-metrics
  repository: https://prometheus-community.github.io/helm-charts
  version: 6.3.0
- name: prometheus-node-exporter
  repository: https://prometheus-community.github.io/helm-charts
  version: 4.48.0
digest: sha256:717452966448fcd0517cfdee6f1b72e89b0816c62fd85fed3bd8c2f7a551a759
generated: "2026-06-19T09:19:27.497683+02:00"
